
Microsoft Visual Studio Solution File, Format Version 12.00
# Visual Studio 2012
Project("{FAE04EC0-301F-11D3-BF4B-00C04F79EFBC}") = "JFG.Yahtzee.Engine.Tests", "JFG.Yahtzee.Engine.Tests\JFG.Yahtzee.Engine.Tests.csproj", "{FE36DAAF-E348-4947-AD6D-E900D86C4FA7}"
EndProject
Project("{FAE04EC0-301F-11D3-BF4B-00C04F79EFBC}") = "JFG.Yahtzee.Engine", "JFG.Yahtzee.Engine\JFG.Yahtzee.Engine.csproj", "{121C4B4E-1B52-4DB8-BB32-F32E94D1DDEE}"
EndProject
Project("{2150E333-8FDC-42A3-9474-1A3956D46DE8}") = ".nuget", ".nuget", "{F0CD0099-5FC7-4C86-8690-659D32D6E395}"
	ProjectSection(SolutionItems) = preProject
		.nuget\NuGet.Config = .nuget\NuGet.Config
		.nuget\NuGet.exe = .nuget\NuGet.exe
		.nuget\NuGet.targets = .nuget\NuGet.targets
	EndProjectSection
EndProject
Global
	GlobalSection(SolutionConfigurationPlatforms) = preSolution
		Debug|Any CPU = Debug|Any CPU
		Release|Any CPU = Release|Any CPU
	EndGlobalSection
	GlobalSection(ProjectConfigurationPlatforms) = postSolution
		{FE36DAAF-E348-4947-AD6D-E900D86C4FA7}.Debug|Any CPU.ActiveCfg = Debug|Any CPU
		{FE36DAAF-E348-4947-AD6D-E900D86C4FA7}.Debug|Any CPU.Build.0 = Debug|Any CPU
		{FE36DAAF-E348-4947-AD6D-E900D86C4FA7}.Release|Any CPU.ActiveCfg = Release|Any CPU
		{FE36DAAF-E348-4947-AD6D-E900D86C4FA7}.Release|Any CPU.Build.0 = Release|Any CPU
		{121C4B4E-1B52-4DB8-BB32-F32E94D1DDEE}.Debug|Any CPU.ActiveCfg = Debug|Any CPU
		{121C4B4E-1B52-4DB8-BB32-F32E94D1DDEE}.Debug|Any CPU.Build.0 = Debug|Any CPU
		{121C4B4E-1B52-4DB8-BB32-F32E94D1DDEE}.Release|Any CPU.ActiveCfg = Release|Any CPU
		{121C4B4E-1B52-4DB8-BB32-F32E94D1DDEE}.Release|Any CPU.Build.0 = Release|Any CPU
	EndGlobalSection
	GlobalSection(SolutionProperties) = preSolution
		HideSolutionNode = FALSE
	EndGlobalSection
EndGlobal
